// !$*UTF8*$!
{
	archiveVersion = 1;
	classes = {
	};
	objectVersion = 46;
	objects = {

/* Begin PBXBuildFile section */
		58603482BC3CB98BFD397C12 /* ARAdvertiserController.m in Sources */ = {isa = PBXBuildFile; fileRef = 5860376566067E62C7CF3511 /* ARAdvertiserController.m */; };
		586037236E4487E211ADAB46 /* TemplateView.xib in Resources */ = {isa = PBXBuildFile; fileRef = 58603FA397CC55D2CCECC9F0 /* TemplateView.xib */; };
		58603E8D1F58398155672081 /* iPhoneStoryboard.storyboard in Resources */ = {isa = PBXBuildFile; fileRef = 58603D168766B4A59DD8B2C4 /* iPhoneStoryboard.storyboard */; };
		840FB1E518EA590400A3DBF5 /* Foundation.framework in Frameworks */ = {isa = PBXBuildFile; fileRef = 840FB1E418EA590400A3DBF5 /* Foundation.framework */; };
		840FB1E718EA590400A3DBF5 /* CoreGraphics.framework in Frameworks */ = {isa = PBXBuildFile; fileRef = 840FB1E618EA590400A3DBF5 /* CoreGraphics.framework */; };
		840FB1E918EA590400A3DBF5 /* UIKit.framework in Frameworks */ = {isa = PBXBuildFile; fileRef = 840FB1E818EA590400A3DBF5 /* UIKit.framework */; };
		840FB1EF18EA590400A3DBF5 /* InfoPlist.strings in Resources */ = {isa = PBXBuildFile; fileRef = 840FB1ED18EA590400A3DBF5 /* InfoPlist.strings */; };
		840FB1F118EA590400A3DBF5 /* main.m in Sources */ = {isa = PBXBuildFile; fileRef = 840FB1F018EA590400A3DBF5 /* main.m */; };
		840FB1F518EA590400A3DBF5 /* ARAppDelegate.m in Sources */ = {isa = PBXBuildFile; fileRef = 840FB1F418EA590400A3DBF5 /* ARAppDelegate.m */; };
		840FB1F718EA590400A3DBF5 /* Images.xcassets in Resources */ = {isa = PBXBuildFile; fileRef = 840FB1F618EA590400A3DBF5 /* Images.xcassets */; };
		840FB1FE18EA590400A3DBF5 /* XCTest.framework in Frameworks */ = {isa = PBXBuildFile; fileRef = 840FB1FD18EA590400A3DBF5 /* XCTest.framework */; };
		840FB1FF18EA590400A3DBF5 /* Foundation.framework in Frameworks */ = {isa = PBXBuildFile; fileRef = 840FB1E418EA590400A3DBF5 /* Foundation.framework */; };
		840FB20018EA590400A3DBF5 /* UIKit.framework in Frameworks */ = {isa = PBXBuildFile; fileRef = 840FB1E818EA590400A3DBF5 /* UIKit.framework */; };
		840FB20818EA590400A3DBF5 /* InfoPlist.strings in Resources */ = {isa = PBXBuildFile; fileRef = 840FB20618EA590400A3DBF5 /* InfoPlist.strings */; };
		840FB20A18EA590400A3DBF5 /* PeerToPeerTests.m in Sources */ = {isa = PBXBuildFile; fileRef = 840FB20918EA590400A3DBF5 /* PeerToPeerTests.m */; };
		84D8B4E518EA6DD8005D6E8E /* MultipeerConnectivity.framework in Frameworks */ = {isa = PBXBuildFile; fileRef = 84D8B4E418EA6DD8005D6E8E /* MultipeerConnectivity.framework */; };
/* End PBXBuildFile section */

/* Begin PBXContainerItemProxy section */
		840FB20118EA590400A3DBF5 /* PBXContainerItemProxy */ = {
			isa = PBXContainerItemProxy;
			containerPortal = 840FB1D918EA590400A3DBF5 /* Project object */;
			proxyType = 1;
			remoteGlobalIDString = 840FB1E018EA590400A3DBF5;
			remoteInfo = PeerToPeer;
		};
/* End PBXContainerItemProxy section */

/* Begin PBXFileReference section */
		5860376566067E62C7CF3511 /* ARAdvertiserController.m */ = {isa = PBXFileReference; fileEncoding = 4; lastKnownFileType = sourcecode.c.objc; path = ARAdvertiserController.m; sourceTree = "<group>"; };
		5860379E6EF6F11C24C266AC /* ARAdvertiserController.h */ = {isa = PBXFileReference; fileEncoding = 4; lastKnownFileType = sourcecode.c.h; path = ARAdvertiserController.h; sourceTree = "<group>"; };
		58603D168766B4A59DD8B2C4 /* iPhoneStoryboard.storyboard */ = {isa = PBXFileReference; lastKnownFileType = file.storyboard; path = iPhoneStoryboard.storyboard; sourceTree = "<group>"; };
		58603FA397CC55D2CCECC9F0 /* TemplateView.xib */ = {isa = PBXFileReference; lastKnownFileType = file.xib; path = TemplateView.xib; sourceTree = "<group>"; };
		840FB1E118EA590400A3DBF5 /* PeerToPeer.app */ = {isa = PBXFileReference; explicitFileType = wrapper.application; includeInIndex = 0; path = PeerToPeer.app; sourceTree = BUILT_PRODUCTS_DIR; };
		840FB1E418EA590400A3DBF5 /* Foundation.framework */ = {isa = PBXFileReference; lastKnownFileType = wrapper.framework; name = Foundation.framework; path = System/Library/Frameworks/Foundation.framework; sourceTree = SDKROOT; };
		840FB1E618EA590400A3DBF5 /* CoreGraphics.framework */ = {isa = PBXFileReference; lastKnownFileType = wrapper.framework; name = CoreGraphics.framework; path = System/Library/Frameworks/CoreGraphics.framework; sourceTree = SDKROOT; };
		840FB1E818EA590400A3DBF5 /* UIKit.framework */ = {isa = PBXFileReference; lastKnownFileType = wrapper.framework; name = UIKit.framework; path = System/Library/Frameworks/UIKit.framework; sourceTree = SDKROOT; };
		840FB1EC18EA590400A3DBF5 /* PeerToPeer-Info.plist */ = {isa = PBXFileReference; lastKnownFileType = text.plist.xml; path = "PeerToPeer-Info.plist"; sourceTree = "<group>"; };
		840FB1EE18EA590400A3DBF5 /* en */ = {isa = PBXFileReference; lastKnownFileType = text.plist.strings; name = en; path = en.lproj/InfoPlist.strings; sourceTree = "<group>"; };
		840FB1F018EA590400A3DBF5 /* main.m */ = {isa = PBXFileReference; lastKnownFileType = sourcecode.c.objc; path = main.m; sourceTree = "<group>"; };
		840FB1F218EA590400A3DBF5 /* PeerToPeer-Prefix.pch */ = {isa = PBXFileReference; lastKnownFileType = sourcecode.c.h; path = "PeerToPeer-Prefix.pch"; sourceTree = "<group>"; };
		840FB1F318EA590400A3DBF5 /* ARAppDelegate.h */ = {isa = PBXFileReference; lastKnownFileType = sourcecode.c.h; path = ARAppDelegate.h; sourceTree = "<group>"; };
		840FB1F418EA590400A3DBF5 /* ARAppDelegate.m */ = {isa = PBXFileReference; lastKnownFileType = sourcecode.c.objc; path = ARAppDelegate.m; sourceTree = "<group>"; };
		840FB1F618EA590400A3DBF5 /* Images.xcassets */ = {isa = PBXFileReference; lastKnownFileType = folder.assetcatalog; path = Images.xcassets; sourceTree = "<group>"; };
		840FB1FC18EA590400A3DBF5 /* PeerToPeerTests.xctest */ = {isa = PBXFileReference; explicitFileType = wrapper.cfbundle; includeInIndex = 0; path = PeerToPeerTests.xctest; sourceTree = BUILT_PRODUCTS_DIR; };
		840FB1FD18EA590400A3DBF5 /* XCTest.framework */ = {isa = PBXFileReference; lastKnownFileType = wrapper.framework; name = XCTest.framework; path = Library/Frameworks/XCTest.framework; sourceTree = DEVELOPER_DIR; };
		840FB20518EA590400A3DBF5 /* PeerToPeerTests-Info.plist */ = {isa = PBXFileReference; lastKnownFileType = text.plist.xml; path = "PeerToPeerTests-Info.plist"; sourceTree = "<group>"; };
		840FB20718EA590400A3DBF5 /* en */ = {isa = PBXFileReference; lastKnownFileType = text.plist.strings; name = en; path = en.lproj/InfoPlist.strings; sourceTree = "<group>"; };
		840FB20918EA590400A3DBF5 /* PeerToPeerTests.m */ = {isa = PBXFileReference; lastKnownFileType = sourcecode.c.objc; path = PeerToPeerTests.m; sourceTree = "<group>"; };
		84D8B4E418EA6DD8005D6E8E /* MultipeerConnectivity.framework */ = {isa = PBXFileReference; lastKnownFileType = wrapper.framework; name = MultipeerConnectivity.framework; path = System/Library/Frameworks/MultipeerConnectivity.framework; sourceTree = SDKROOT; };
/* End PBXFileReference section */

/* Begin PBXFrameworksBuildPhase section */
		840FB1DE18EA590400A3DBF5 /* Frameworks */ = {
			isa = PBXFrameworksBuildPhase;
			buildActionMask = 2147483647;
			files = (
				84D8B4E518EA6DD8005D6E8E /* MultipeerConnectivity.framework in Frameworks */,
				840FB1E718EA590400A3DBF5 /* CoreGraphics.framework in Frameworks */,
				840FB1E918EA590400A3DBF5 /* UIKit.framework in Frameworks */,
				840FB1E518EA590400A3DBF5 /* Foundation.framework in Frameworks */,
			);
			runOnlyForDeploymentPostprocessing = 0;
		};
		840FB1F918EA590400A3DBF5 /* Frameworks */ = {
			isa = PBXFrameworksBuildPhase;
			buildActionMask = 2147483647;
			files = (
				840FB1FE18EA590400A3DBF5 /* XCTest.framework in Frameworks */,
				840FB20018EA590400A3DBF5 /* UIKit.framework in Frameworks */,
				840FB1FF18EA590400A3DBF5 /* Foundation.framework in Frameworks */,
			);
			runOnlyForDeploymentPostprocessing = 0;
		};
/* End PBXFrameworksBuildPhase section */

/* Begin PBXGroup section */
		586033E76F50FA2BFC96FA37 /* Models */ = {
			isa = PBXGroup;
			children = (
			);
			path = Models;
			sourceTree = "<group>";
		};
		586035371012F20E08D3E194 /* Views */ = {
			isa = PBXGroup;
			children = (
				58603FA397CC55D2CCECC9F0 /* TemplateView.xib */,
			);
			path = Views;
			sourceTree = "<group>";
		};
		586036DB732528455492AD68 /* Advertiser */ = {
			isa = PBXGroup;
			children = (
				5860376566067E62C7CF3511 /* ARAdvertiserController.m */,
				5860379E6EF6F11C24C266AC /* ARAdvertiserController.h */,
			);
			path = Advertiser;
			sourceTree = "<group>";
		};
		5860392E7B4854F5674C7624 /* Storyboards */ = {
			isa = PBXGroup;
			children = (
				58603D168766B4A59DD8B2C4 /* iPhoneStoryboard.storyboard */,
			);
			path = Storyboards;
			sourceTree = "<group>";
		};
		5860396835DC98C934934A03 /* Managers */ = {
			isa = PBXGroup;
			children = (
			);
			path = Managers;
			sourceTree = "<group>";
		};
		58603CBC5E42553FB72C6737 /* Categories */ = {
			isa = PBXGroup;
			children = (
			);
			path = Categories;
			sourceTree = "<group>";
		};
		58603F7D25C25D8808DD06F8 /* Controllers */ = {
			isa = PBXGroup;
			children = (
				586036DB732528455492AD68 /* Advertiser */,
			);
			path = Controllers;
			sourceTree = "<group>";
		};
		840FB1D818EA590400A3DBF5 = {
			isa = PBXGroup;
			children = (
				840FB1EA18EA590400A3DBF5 /* PeerToPeer */,
				840FB20318EA590400A3DBF5 /* PeerToPeerTests */,
				840FB1E318EA590400A3DBF5 /* Frameworks */,
				840FB1E218EA590400A3DBF5 /* Products */,
			);
			sourceTree = "<group>";
		};
		840FB1E218EA590400A3DBF5 /* Products */ = {
			isa = PBXGroup;
			children = (
				840FB1E118EA590400A3DBF5 /* PeerToPeer.app */,
				840FB1FC18EA590400A3DBF5 /* PeerToPeerTests.xctest */,
			);
			name = Products;
			sourceTree = "<group>";
		};
		840FB1E318EA590400A3DBF5 /* Frameworks */ = {
			isa = PBXGroup;
			children = (
				84D8B4E418EA6DD8005D6E8E /* MultipeerConnectivity.framework */,
				840FB1E418EA590400A3DBF5 /* Foundation.framework */,
				840FB1E618EA590400A3DBF5 /* CoreGraphics.framework */,
				840FB1E818EA590400A3DBF5 /* UIKit.framework */,
				840FB1FD18EA590400A3DBF5 /* XCTest.framework */,
			);
			name = Frameworks;
			sourceTree = "<group>";
		};
		840FB1EA18EA590400A3DBF5 /* PeerToPeer */ = {
			isa = PBXGroup;
			children = (
				840FB1F318EA590400A3DBF5 /* ARAppDelegate.h */,
				840FB1F418EA590400A3DBF5 /* ARAppDelegate.m */,
				840FB1F618EA590400A3DBF5 /* Images.xcassets */,
				840FB1EB18EA590400A3DBF5 /* Supporting Files */,
				5860392E7B4854F5674C7624 /* Storyboards */,
				58603F7D25C25D8808DD06F8 /* Controllers */,
				5860396835DC98C934934A03 /* Managers */,
				58603CBC5E42553FB72C6737 /* Categories */,
				586035371012F20E08D3E194 /* Views */,
				586033E76F50FA2BFC96FA37 /* Models */,
			);
			path = PeerToPeer;
			sourceTree = "<group>";
		};
		840FB1EB18EA590400A3DBF5 /* Supporting Files */ = {
			isa = PBXGroup;
			children = (
				840FB1EC18EA590400A3DBF5 /* PeerToPeer-Info.plist */,
				840FB1ED18EA590400A3DBF5 /* InfoPlist.strings */,
				840FB1F018EA590400A3DBF5 /* main.m */,
				840FB1F218EA590400A3DBF5 /* PeerToPeer-Prefix.pch */,
			);
			name = "Supporting Files";
			sourceTree = "<group>";
		};
		840FB20318EA590400A3DBF5 /* PeerToPeerTests */ = {
			isa = PBXGroup;
			children = (
				840FB20918EA590400A3DBF5 /* PeerToPeerTests.m */,
				840FB20418EA590400A3DBF5 /* Supporting Files */,
			);
			path = PeerToPeerTests;
			sourceTree = "<group>";
		};
		840FB20418EA590400A3DBF5 /* Supporting Files */ = {
			isa = PBXGroup;
			children = (
				840FB20518EA590400A3DBF5 /* PeerToPeerTests-Info.plist */,
				840FB20618EA590400A3DBF5 /* InfoPlist.strings */,
			);
			name = "Supporting Files";
			sourceTree = "<group>";
		};
/* End PBXGroup section */

/* Begin PBXNativeTarget section */
		840FB1E018EA590400A3DBF5 /* PeerToPeer */ = {
			isa = PBXNativeTarget;
			buildConfigurationList = 840FB20D18EA590400A3DBF5 /* Build configuration list for PBXNativeTarget "PeerToPeer" */;
			buildPhases = (
				840FB1DD18EA590400A3DBF5 /* Sources */,
				840FB1DE18EA590400A3DBF5 /* Frameworks */,
				840FB1DF18EA590400A3DBF5 /* Resources */,
			);
			buildRules = (
			);
			dependencies = (
			);
			name = PeerToPeer;
			productName = PeerToPeer;
			productReference = 840FB1E118EA590400A3DBF5 /* PeerToPeer.app */;
			productType = "com.apple.product-type.application";
		};
		840FB1FB18EA590400A3DBF5 /* PeerToPeerTests */ = {
			isa = PBXNativeTarget;
			buildConfigurationList = 840FB21018EA590400A3DBF5 /* Build configuration list for PBXNativeTarget "PeerToPeerTests" */;
			buildPhases = (
				840FB1F818EA590400A3DBF5 /* Sources */,
				840FB1F918EA590400A3DBF5 /* Frameworks */,
				840FB1FA18EA590400A3DBF5 /* Resources */,
			);
			buildRules = (
			);
			dependencies = (
				840FB20218EA590400A3DBF5 /* PBXTargetDependency */,
			);
			name = PeerToPeerTests;
			productName = PeerToPeerTests;
			productReference = 840FB1FC18EA590400A3DBF5 /* PeerToPeerTests.xctest */;
			productType = "com.apple.product-type.bundle.unit-test";
		};
/* End PBXNativeTarget section */

/* Begin PBXProject section */
		840FB1D918EA590400A3DBF5 /* Project object */ = {
			isa = PBXProject;
			attributes = {
				CLASSPREFIX = AR;
				LastUpgradeCheck = 0510;
				ORGANIZATIONNAME = "Huy Le";
				TargetAttributes = {
					840FB1E018EA590400A3DBF5 = {
						SystemCapabilities = {
							com.apple.BackgroundModes = {
								enabled = 0;
							};
						};
					};
					840FB1FB18EA590400A3DBF5 = {
						TestTargetID = 840FB1E018EA590400A3DBF5;
					};
				};
			};
			buildConfigurationList = 840FB1DC18EA590400A3DBF5 /* Build configuration list for PBXProject "PeerToPeer" */;
			compatibilityVersion = "Xcode 3.2";
			developmentRegion = English;
			hasScannedForEncodings = 0;
			knownRegions = (
				en,
			);
			mainGroup = 840FB1D818EA590400A3DBF5;
			productRefGroup = 840FB1E218EA590400A3DBF5 /* Products */;
			projectDirPath = "";
			projectRoot = "";
			targets = (
				840FB1E018EA590400A3DBF5 /* PeerToPeer */,
				840FB1FB18EA590400A3DBF5 /* PeerToPeerTests */,
			);
		};
/* End PBXProject section */

/* Begin PBXResourcesBuildPhase section */
		840FB1DF18EA590400A3DBF5 /* Resources */ = {
			isa = PBXResourcesBuildPhase;
			buildActionMask = 2147483647;
			files = (
				840FB1EF18EA590400A3DBF5 /* InfoPlist.strings in Resources */,
				840FB1F718EA590400A3DBF5 /* Images.xcassets in Resources */,
				58603E8D1F58398155672081 /* iPhoneStoryboard.storyboard in Resources */,
				586037236E4487E211ADAB46 /* TemplateView.xib in Resources */,
			);
			runOnlyForDeploymentPostprocessing = 0;
		};
		840FB1FA18EA590400A3DBF5 /* Resources */ = {
			isa = PBXResourcesBuildPhase;
			buildActionMask = 2147483647;
			files = (
				840FB20818EA590400A3DBF5 /* InfoPlist.strings in Resources */,
			);
			runOnlyForDeploymentPostprocessing = 0;
		};
/* End PBXResourcesBuildPhase section */

/* Begin PBXSourcesBuildPhase section */
		840FB1DD18EA590400A3DBF5 /* Sources */ = {
			isa = PBXSourcesBuildPhase;
			buildActionMask = 2147483647;
			files = (
				840FB1F118EA590400A3DBF5 /* main.m in Sources */,
				840FB1F518EA590400A3DBF5 /* ARAppDelegate.m in Sources */,
				58603482BC3CB98BFD397C12 /* ARAdvertiserController.m in Sources */,
			);
			runOnlyForDeploymentPostprocessing = 0;
		};
		840FB1F818EA590400A3DBF5 /* Sources */ = {
			isa = PBXSourcesBuildPhase;
			buildActionMask = 2147483647;
			files = (
				840FB20A18EA590400A3DBF5 /* PeerToPeerTests.m in Sources */,
			);
			runOnlyForDeploymentPostprocessing = 0;
		};
/* End PBXSourcesBuildPhase section */

/* Begin PBXTargetDependency section */
		840FB20218EA590400A3DBF5 /* PBXTargetDependency */ = {
			isa = PBXTargetDependency;
			target = 840FB1E018EA590400A3DBF5 /* PeerToPeer */;
			targetProxy = 840FB20118EA590400A3DBF5 /* PBXContainerItemProxy */;
		};
/* End PBXTargetDependency section */

/* Begin PBXVariantGroup section */
		840FB1ED18EA590400A3DBF5 /* InfoPlist.strings */ = {
			isa = PBXVariantGroup;
			children = (
				840FB1EE18EA590400A3DBF5 /* en */,
			);
			name = InfoPlist.strings;
			sourceTree = "<group>";
		};
		840FB20618EA590400A3DBF5 /* InfoPlist.strings */ = {
			isa = PBXVariantGroup;
			children = (
				840FB20718EA590400A3DBF5 /* en */,
			);
			name = InfoPlist.strings;
			sourceTree = "<group>";
		};
/* End PBXVariantGroup section */

/* Begin XCBuildConfiguration section */
		840FB20B18EA590400A3DBF5 /* Debug */ = {
			isa = XCBuildConfiguration;
			buildSettings = {
				ALWAYS_SEARCH_USER_PATHS = NO;
				CLANG_CXX_LANGUAGE_STANDARD = "gnu++0x";
				CLANG_CXX_LIBRARY = "libc++";
				CLANG_ENABLE_MODULES = YES;
				CLANG_ENABLE_OBJC_ARC = YES;
				CLANG_WARN_BOOL_CONVERSION = YES;
				CLANG_WARN_CONSTANT_CONVERSION = YES;
				CLANG_WARN_DIRECT_OBJC_ISA_USAGE = YES_ERROR;
				CLANG_WARN_EMPTY_BODY = YES;
				CLANG_WARN_ENUM_CONVERSION = YES;
				CLANG_WARN_INT_CONVERSION = YES;
				CLANG_WARN_OBJC_ROOT_CLASS = YES_ERROR;
				CLANG_WARN__DUPLICATE_METHOD_MATCH = YES;
				"CODE_SIGN_IDENTITY[sdk=iphoneos*]" = "iPhone Developer";
				COPY_PHASE_STRIP = NO;
				GCC_C_LANGUAGE_STANDARD = gnu99;
				GCC_DYNAMIC_NO_PIC = NO;
				GCC_OPTIMIZATION_LEVEL = 0;
				GCC_PREPROCESSOR_DEFINITIONS = (
					"DEBUG=1",
					"$(inherited)",
				);
				GCC_SYMBOLS_PRIVATE_EXTERN = NO;
				GCC_WARN_64_TO_32_BIT_CONVERSION = YES;
				GCC_WARN_ABOUT_RETURN_TYPE = YES_ERROR;
				GCC_WARN_UNDECLARED_SELECTOR = YES;
				GCC_WARN_UNINITIALIZED_AUTOS = YES_AGGRESSIVE;
				GCC_WARN_UNUSED_FUNCTION = YES;
				GCC_WARN_UNUSED_VARIABLE = YES;
				IPHONEOS_DEPLOYMENT_TARGET = 7.1;
				ONLY_ACTIVE_ARCH = YES;
				SDKROOT = iphoneos;
			};
			name = Debug;
		};
		840FB20C18EA590400A3DBF5 /* Release */ = {
			isa = XCBuildConfiguration;
			buildSettings = {
				ALWAYS_SEARCH_USER_PATHS = NO;
				CLANG_CXX_LANGUAGE_STANDARD = "gnu++0x";
				CLANG_CXX_LIBRARY = "libc++";
				CLANG_ENABLE_MODULES = YES;
				CLANG_ENABLE_OBJC_ARC = YES;
				CLANG_WARN_BOOL_CONVERSION = YES;
				CLANG_WARN_CONSTANT_CONVERSION = YES;
				CLANG_WARN_DIRECT_OBJC_ISA_USAGE = YES_ERROR;
				CLANG_WARN_EMPTY_BODY = YES;
				CLANG_WARN_ENUM_CONVERSION = YES;
				CLANG_WARN_INT_CONVERSION = YES;
				CLANG_WARN_OBJC_ROOT_CLASS = YES_ERROR;
				CLANG_WARN__DUPLICATE_METHOD_MATCH = YES;
				"CODE_SIGN_IDENTITY[sdk=iphoneos*]" = "iPhone Developer";
				COPY_PHASE_STRIP = YES;
				ENABLE_NS_ASSERTIONS = NO;
				GCC_C_LANGUAGE_STANDARD = gnu99;
				GCC_WARN_64_TO_32_BIT_CONVERSION = YES;
				GCC_WARN_ABOUT_RETURN_TYPE = YES_ERROR;
				GCC_WARN_UNDECLARED_SELECTOR = YES;
				GCC_WARN_UNINITIALIZED_AUTOS = YES_AGGRESSIVE;
				GCC_WARN_UNUSED_FUNCTION = YES;
				GCC_WARN_UNUSED_VARIABLE = YES;
				IPHONEOS_DEPLOYMENT_TARGET = 7.1;
				SDKROOT = iphoneos;
				VALIDATE_PRODUCT = YES;
			};
			name = Release;
		};
		840FB20E18EA590400A3DBF5 /* Debug */ = {
			isa = XCBuildConfiguration;
			buildSettings = {
				ASSETCATALOG_COMPILER_APPICON_NAME = AppIcon;
				ASSETCATALOG_COMPILER_LAUNCHIMAGE_NAME = LaunchImage;
				GCC_PRECOMPILE_PREFIX_HEADER = YES;
				GCC_PREFIX_HEADER = "PeerToPeer/PeerToPeer-Prefix.pch";
				INFOPLIST_FILE = "PeerToPeer/PeerToPeer-Info.plist";
				PRODUCT_NAME = "$(TARGET_NAME)";
				WRAPPER_EXTENSION = app;
			};
			name = Debug;
		};
		840FB20F18EA590400A3DBF5 /* Release */ = {
			isa = XCBuildConfiguration;
			buildSettings = {
				ASSETCATALOG_COMPILER_APPICON_NAME = AppIcon;
				ASSETCATALOG_COMPILER_LAUNCHIMAGE_NAME = LaunchImage;
				GCC_PRECOMPILE_PREFIX_HEADER = YES;
				GCC_PREFIX_HEADER = "PeerToPeer/PeerToPeer-Prefix.pch";
				INFOPLIST_FILE = "PeerToPeer/PeerToPeer-Info.plist";
				PRODUCT_NAME = "$(TARGET_NAME)";
				WRAPPER_EXTENSION = app;
			};
			name = Release;
		};
		840FB21118EA590400A3DBF5 /* Debug */ = {
			isa = XCBuildConfiguration;
			buildSettings = {
				BUNDLE_LOADER = "$(BUILT_PRODUCTS_DIR)/PeerToPeer.app/PeerToPeer";
				FRAMEWORK_SEARCH_PATHS = (
					"$(SDKROOT)/Developer/Library/Frameworks",
					"$(inherited)",
					"$(DEVELOPER_FRAMEWORKS_DIR)",
				);
				GCC_PRECOMPILE_PREFIX_HEADER = YES;
				GCC_PREFIX_HEADER = "PeerToPeer/PeerToPeer-Prefix.pch";
				GCC_PREPROCESSOR_DEFINITIONS = (
					"DEBUG=1",
					"$(inherited)",
				);
				INFOPLIST_FILE = "PeerToPeerTests/PeerToPeerTests-Info.plist";
				PRODUCT_NAME = "$(TARGET_NAME)";
				TEST_HOST = "$(BUNDLE_LOADER)";
				WRAPPER_EXTENSION = xctest;
			};
			name = Debug;
		};
		840FB21218EA590400A3DBF5 /* Release */ = {
			isa = XCBuildConfiguration;
			buildSettings = {
				BUNDLE_LOADER = "$(BUILT_PRODUCTS_DIR)/PeerToPeer.app/PeerToPeer";
				FRAMEWORK_SEARCH_PATHS = (
					"$(SDKROOT)/Developer/Library/Frameworks",
					"$(inherited)",
					"$(DEVELOPER_FRAMEWORKS_DIR)",
				);
				GCC_PRECOMPILE_PREFIX_HEADER = YES;
				GCC_PREFIX_HEADER = "PeerToPeer/PeerToPeer-Prefix.pch";
				INFOPLIST_FILE = "PeerToPeerTests/PeerToPeerTests-Info.plist";
				PRODUCT_NAME = "$(TARGET_NAME)";
				TEST_HOST = "$(BUNDLE_LOADER)";
				WRAPPER_EXTENSION = xctest;
			};
			name = Release;
		};
/* End XCBuildConfiguration section */

/* Begin XCConfigurationList section */
		840FB1DC18EA590400A3DBF5 /* Build configuration list for PBXProject "PeerToPeer" */ = {
			isa = XCConfigurationList;
			buildConfigurations = (
				840FB20B18EA590400A3DBF5 /* Debug */,
				840FB20C18EA590400A3DBF5 /* Release */,
			);
			defaultConfigurationIsVisible = 0;
			defaultConfigurationName = Release;
		};
		840FB20D18EA590400A3DBF5 /* Build configuration list for PBXNativeTarget "PeerToPeer" */ = {
			isa = XCConfigurationList;
			buildConfigurations = (
				840FB20E18EA590400A3DBF5 /* Debug */,
				840FB20F18EA590400A3DBF5 /* Release */,
			);
			defaultConfigurationIsVisible = 0;
			defaultConfigurationName = Release;
		};
		840FB21018EA590400A3DBF5 /* Build configuration list for PBXNativeTarget "PeerToPeerTests" */ = {
			isa = XCConfigurationList;
			buildConfigurations = (
				840FB21118EA590400A3DBF5 /* Debug */,
				840FB21218EA590400A3DBF5 /* Release */,
			);
			defaultConfigurationIsVisible = 0;
			defaultConfigurationName = Release;
		};
/* End XCConfigurationList section */
	};
	rootObject = 840FB1D918EA590400A3DBF5 /* Project object */;
}
